PODS:
  - XiaoDeKit-Swift (0.0.11):
    - XiaoDeKit-Swift/Extension (= 0.0.11)
    - XiaoDeKit-Swift/XDPackageTimer (= 0.0.11)
  - XiaoDeKit-Swift/Extension (0.0.11)
  - XiaoDeKit-Swift/XDPackageTimer (0.0.11)

DEPENDENCIES:
  - XiaoDeKit-Swift (from `../`)

EXTERNAL SOURCES:
  XiaoDeKit-Swift:
    :path: "../"

SPEC CHECKSUMS:
  XiaoDeKit-Swift: d5eee047370e856c50d362afe479c51b9c08ca36

PODFILE CHECKSUM: 08195150e19b9067a7a870560f29f529780fc32e

COCOAPODS: 1.6.2
